{"resources":{"68b2fe05bfdbda2e5adf75344218d63fa0801eb0575e5af5a5188e0f773129d0":{"handler":"tunnel-create","payload":{"tunnel":{"id":"ddea872e-a67d-4b36-b8b8-714891c31863"}}},"9d33f6ecf5b7290a7127e314140f422d97867faffec34776a575ddfb8c41b52d":{"handler":"tunnel-config","payload":{"tunnel":{"id":"ddea872e-a67d-4b36-b8b8-714891c31863"},"ingress":{"zone":"xonery.dev","apps":[{"target":{"port":3001,"hostname":"localhost"},"expose":{"subdomain":"test"}}]}}},"d650780906107135ba74527a51a232ff09c5a9754a705161de468e79af025434":{"handler":"dns-record","payload":{"zone":"xonery.dev","tunnel":{"id":"ddea872e-a67d-4b36-b8b8-714891c31863"},"subdomain":"test"}}}}