{"resources":{"594278cdb98cdab45a5ecc882dc03a74da8b89047ac9bc04f9f3421828ce9c43":{"handler":"dns-record","payload":{"zone":"xonery.dev","tunnel":{"id":"ddea872e-a67d-4b36-b8b8-714891c31863"},"subdomain":"front"}},"68b2fe05bfdbda2e5adf75344218d63fa0801eb0575e5af5a5188e0f773129d0":{"handler":"tunnel-create","payload":{"tunnel":{"id":"ddea872e-a67d-4b36-b8b8-714891c31863"}}},"d2864435013f3c8ba74f9f42320f81f95fa668be9633ea71c10708cc6ae38f3f":{"handler":"dns-record","payload":{"zone":"xonery.dev","tunnel":{"id":"ddea872e-a67d-4b36-b8b8-714891c31863"},"subdomain":"back"}},"fc6d0d22f57bad571796ae55c114c730eec82c256682239d2c730c94c4297ca2":{"handler":"tunnel-config","payload":{"tunnel":{"id":"ddea872e-a67d-4b36-b8b8-714891c31863"},"ingress":{"zone":"xonery.dev","apps":[{"target":{"port":3000,"hostname":"localhost"},"expose":{"subdomain":"back"}},{"target":{"port":3001,"hostname":"localhost"},"expose":{"subdomain":"front"}}]}}}}}